
Microsoft Visual Studio Solution File, Format Version 12.00
# Visual Studio 15
VisualStudioVersion = 15.0.27130.2024
MinimumVisualStudioVersion = 10.0.40219.1
Project("{FAE04EC0-301F-11D3-BF4B-00C04F79EFBC}") = "Soccer", "Soccer\Soccer.csproj", "{94673A40-1923-4AED-9CFE-66486B4D811A}"
EndProject
Global
	GlobalSection(SolutionConfigurationPlatforms) = preSolution
		Debug|Any CPU = Debug|Any CPU
		Release|Any CPU = Release|Any CPU
	EndGlobalSection
	GlobalSection(ProjectConfigurationPlatforms) = postSolution
		{94673A40-1923-4AED-9CFE-66486B4D811A}.Debug|Any CPU.ActiveCfg = Debug|Any CPU
		{94673A40-1923-4AED-9CFE-66486B4D811A}.Debug|Any CPU.Build.0 = Debug|Any CPU
		{94673A40-1923-4AED-9CFE-66486B4D811A}.Release|Any CPU.ActiveCfg = Release|Any CPU
		{94673A40-1923-4AED-9CFE-66486B4D811A}.Release|Any CPU.Build.0 = Release|Any CPU
	EndGlobalSection
	GlobalSection(SolutionProperties) = preSolution
		HideSolutionNode = FALSE
	EndGlobalSection
	GlobalSection(ExtensibilityGlobals) = postSolution
		SolutionGuid = {05C3F5A5-C177-4D88-9525-1C5BBC262828}
	EndGlobalSection
EndGlobal
